
Microsoft Visual Studio Solution File, Format Version 12.00
# Visual Studio Version 17
VisualStudioVersion = 17.13.35931.197 d17.13
MinimumVisualStudioVersion = 10.0.40219.1
Project("{FAE04EC0-301F-11D3-BF4B-00C04F79EFBC}") = "WSLWpfApp", "WSLWpfApp.csproj", "{095023D7-FE66-C668-842A-2AFCCCAFE8DD}"
EndProject
Global
	GlobalSection(SolutionConfigurationPlatforms) = preSolution
		Debug|Any CPU = Debug|Any CPU
		Release|Any CPU = Release|Any CPU
	EndGlobalSection
	GlobalSection(ProjectConfigurationPlatforms) = postSolution
		{095023D7-FE66-C668-842A-2AFCCCAFE8DD}.Debug|Any CPU.ActiveCfg = Debug|Any CPU
		{095023D7-FE66-C668-842A-2AFCCCAFE8DD}.Debug|Any CPU.Build.0 = Debug|Any CPU
		{095023D7-FE66-C668-842A-2AFCCCAFE8DD}.Release|Any CPU.ActiveCfg = Release|Any CPU
		{095023D7-FE66-C668-842A-2AFCCCAFE8DD}.Release|Any CPU.Build.0 = Release|Any CPU
	EndGlobalSection
	GlobalSection(SolutionProperties) = preSolution
		HideSolutionNode = FALSE
	EndGlobalSection
	GlobalSection(ExtensibilityGlobals) = postSolution
		SolutionGuid = {B978F19E-54F5-4F45-B413-D8BE6F49A071}
	EndGlobalSection
EndGlobal
